
Microsoft Visual Studio Solution File, Format Version 12.00
# Visual Studio Version 16
VisualStudioVersion = 16.0.30114.105
MinimumVisualStudioVersion = 10.0.40219.1
Project("{FAE04EC0-301F-11D3-BF4B-00C04F79EFBC}") = "SeaShell", "SeaShell\SeaShell.csproj", "{11E21929-674A-41B1-9367-2A32C85E7DC4}"
EndProject
Project("{FAE04EC0-301F-11D3-BF4B-00C04F79EFBC}") = "SeaShellTest", "SeaShellTest\SeaShellTest.csproj", "{5694D365-52A3-4E99-9C3E-F015AF2F94BC}"
EndProject
Global
	GlobalSection(SolutionConfigurationPlatforms) = preSolution
		Debug|Any CPU = Debug|Any CPU
		Release|Any CPU = Release|Any CPU
	EndGlobalSection
	GlobalSection(SolutionProperties) = preSolution
		HideSolutionNode = FALSE
	EndGlobalSection
	GlobalSection(ProjectConfigurationPlatforms) = postSolution
		{11E21929-674A-41B1-9367-2A32C85E7DC4}.Debug|Any CPU.ActiveCfg = Debug|Any CPU
		{11E21929-674A-41B1-9367-2A32C85E7DC4}.Debug|Any CPU.Build.0 = Debug|Any CPU
		{11E21929-674A-41B1-9367-2A32C85E7DC4}.Release|Any CPU.ActiveCfg = Release|Any CPU
		{11E21929-674A-41B1-9367-2A32C85E7DC4}.Release|Any CPU.Build.0 = Release|Any CPU
		{5694D365-52A3-4E99-9C3E-F015AF2F94BC}.Debug|Any CPU.ActiveCfg = Debug|Any CPU
		{5694D365-52A3-4E99-9C3E-F015AF2F94BC}.Debug|Any CPU.Build.0 = Debug|Any CPU
		{5694D365-52A3-4E99-9C3E-F015AF2F94BC}.Release|Any CPU.ActiveCfg = Release|Any CPU
		{5694D365-52A3-4E99-9C3E-F015AF2F94BC}.Release|Any CPU.Build.0 = Release|Any CPU
	EndGlobalSection
EndGlobal
